
Microsoft Visual Studio Solution File, Format Version 12.00
# Visual Studio Version 17
VisualStudioVersion = 17.14.36127.28 d17.14
MinimumVisualStudioVersion = 10.0.40219.1
Project("{FAE04EC0-301F-11D3-BF4B-00C04F79EFBC}") = "projeto-giga.UI", "projeto-giga.UI.csproj", "{7CD16D2C-CA8F-4FC9-9C71-A2C6A625810C}"
EndProject
Project("{FAE04EC0-301F-11D3-BF4B-00C04F79EFBC}") = "projeto-giga.Domain", "..\projeto-giga.Domain\projeto-giga.Domain.csproj", "{2D636B8A-2D29-4EAC-B0BC-D870573DD3EF}"
EndProject
Project("{FAE04EC0-301F-11D3-BF4B-00C04F79EFBC}") = "projeto-giga.Infra.Data", "..\projeto-giga.Infra.Data\projeto-giga.Infra.Data.csproj", "{B3B0528B-7183-4CC1-AA98-30FA0818AE52}"
EndProject
Project("{FAE04EC0-301F-11D3-BF4B-00C04F79EFBC}") = "projeto-giga.Application", "..\projeto-giga.Application\projeto-giga.Application.csproj", "{FE7871AB-3C72-4A70-AB00-8CF467BE5D63}"
EndProject
Global
	GlobalSection(SolutionConfigurationPlatforms) = preSolution
		Debug|Any CPU = Debug|Any CPU
		Release|Any CPU = Release|Any CPU
	EndGlobalSection
	GlobalSection(ProjectConfigurationPlatforms) = postSolution
		{7CD16D2C-CA8F-4FC9-9C71-A2C6A625810C}.Debug|Any CPU.ActiveCfg = Debug|Any CPU
		{7CD16D2C-CA8F-4FC9-9C71-A2C6A625810C}.Debug|Any CPU.Build.0 = Debug|Any CPU
		{7CD16D2C-CA8F-4FC9-9C71-A2C6A625810C}.Release|Any CPU.ActiveCfg = Release|Any CPU
		{7CD16D2C-CA8F-4FC9-9C71-A2C6A625810C}.Release|Any CPU.Build.0 = Release|Any CPU
		{2D636B8A-2D29-4EAC-B0BC-D870573DD3EF}.Debug|Any CPU.ActiveCfg = Debug|Any CPU
		{2D636B8A-2D29-4EAC-B0BC-D870573DD3EF}.Debug|Any CPU.Build.0 = Debug|Any CPU
		{2D636B8A-2D29-4EAC-B0BC-D870573DD3EF}.Release|Any CPU.ActiveCfg = Release|Any CPU
		{2D636B8A-2D29-4EAC-B0BC-D870573DD3EF}.Release|Any CPU.Build.0 = Release|Any CPU
		{B3B0528B-7183-4CC1-AA98-30FA0818AE52}.Debug|Any CPU.ActiveCfg = Debug|Any CPU
		{B3B0528B-7183-4CC1-AA98-30FA0818AE52}.Debug|Any CPU.Build.0 = Debug|Any CPU
		{B3B0528B-7183-4CC1-AA98-30FA0818AE52}.Release|Any CPU.ActiveCfg = Release|Any CPU
		{B3B0528B-7183-4CC1-AA98-30FA0818AE52}.Release|Any CPU.Build.0 = Release|Any CPU
		{FE7871AB-3C72-4A70-AB00-8CF467BE5D63}.Debug|Any CPU.ActiveCfg = Debug|Any CPU
		{FE7871AB-3C72-4A70-AB00-8CF467BE5D63}.Debug|Any CPU.Build.0 = Debug|Any CPU
		{FE7871AB-3C72-4A70-AB00-8CF467BE5D63}.Release|Any CPU.ActiveCfg = Release|Any CPU
		{FE7871AB-3C72-4A70-AB00-8CF467BE5D63}.Release|Any CPU.Build.0 = Release|Any CPU
	EndGlobalSection
	GlobalSection(SolutionProperties) = preSolution
		HideSolutionNode = FALSE
	EndGlobalSection
	GlobalSection(ExtensibilityGlobals) = postSolution
		SolutionGuid = {9B61D537-0FB7-4577-84CC-F5AB7C3F08C9}
	EndGlobalSection
EndGlobal
